
Microsoft Visual Studio Solution File, Format Version 12.00
# Visual Studio Version 16
VisualStudioVersion = 16.0.32630.194
MinimumVisualStudioVersion = 10.0.40219.1
Project("{9A19103F-16F7-4668-BE54-9A1E7A4F7556}") = "HotelBooking", "HotelBooking\HotelBooking.csproj", "{C0167901-DEB5-4C6D-A972-63A4B16F546A}"
EndProject
Project("{FAE04EC0-301F-11D3-BF4B-00C04F79EFBC}") = "DataAccess", "DataAccess\DataAccess.csproj", "{E037EF5F-A29B-478E-BBD2-BCB005E6A48B}"
EndProject
Project("{FAE04EC0-301F-11D3-BF4B-00C04F79EFBC}") = "Entities", "Entities\Entities.csproj", "{F802DDBE-11D6-4BB6-8FDC-436E546FF7C7}"
EndProject
Project("{FAE04EC0-301F-11D3-BF4B-00C04F79EFBC}") = "Services", "Services\Services.csproj", "{9DCB763B-A961-447A-8455-45CFF4D950B3}"
EndProject
Global
	GlobalSection(SolutionConfigurationPlatforms) = preSolution
		Debug|Any CPU = Debug|Any CPU
		Release|Any CPU = Release|Any CPU
	EndGlobalSection
	GlobalSection(ProjectConfigurationPlatforms) = postSolution
		{C0167901-DEB5-4C6D-A972-63A4B16F546A}.Debug|Any CPU.ActiveCfg = Debug|Any CPU
		{C0167901-DEB5-4C6D-A972-63A4B16F546A}.Debug|Any CPU.Build.0 = Debug|Any CPU
		{C0167901-DEB5-4C6D-A972-63A4B16F546A}.Release|Any CPU.ActiveCfg = Release|Any CPU
		{C0167901-DEB5-4C6D-A972-63A4B16F546A}.Release|Any CPU.Build.0 = Release|Any CPU
		{E037EF5F-A29B-478E-BBD2-BCB005E6A48B}.Debug|Any CPU.ActiveCfg = Debug|Any CPU
		{E037EF5F-A29B-478E-BBD2-BCB005E6A48B}.Debug|Any CPU.Build.0 = Debug|Any CPU
		{E037EF5F-A29B-478E-BBD2-BCB005E6A48B}.Release|Any CPU.ActiveCfg = Release|Any CPU
		{E037EF5F-A29B-478E-BBD2-BCB005E6A48B}.Release|Any CPU.Build.0 = Release|Any CPU
		{F802DDBE-11D6-4BB6-8FDC-436E546FF7C7}.Debug|Any CPU.ActiveCfg = Debug|Any CPU
		{F802DDBE-11D6-4BB6-8FDC-436E546FF7C7}.Debug|Any CPU.Build.0 = Debug|Any CPU
		{F802DDBE-11D6-4BB6-8FDC-436E546FF7C7}.Release|Any CPU.ActiveCfg = Release|Any CPU
		{F802DDBE-11D6-4BB6-8FDC-436E546FF7C7}.Release|Any CPU.Build.0 = Release|Any CPU
		{9DCB763B-A961-447A-8455-45CFF4D950B3}.Debug|Any CPU.ActiveCfg = Debug|Any CPU
		{9DCB763B-A961-447A-8455-45CFF4D950B3}.Debug|Any CPU.Build.0 = Debug|Any CPU
		{9DCB763B-A961-447A-8455-45CFF4D950B3}.Release|Any CPU.ActiveCfg = Release|Any CPU
		{9DCB763B-A961-447A-8455-45CFF4D950B3}.Release|Any CPU.Build.0 = Release|Any CPU
	EndGlobalSection
	GlobalSection(SolutionProperties) = preSolution
		HideSolutionNode = FALSE
	EndGlobalSection
	GlobalSection(ExtensibilityGlobals) = postSolution
		SolutionGuid = {E3CE4E5B-C2A1-4C8F-A123-683CD8FCDD7D}
	EndGlobalSection
EndGlobal
